
Microsoft Visual Studio Solution File, Format Version 12.00
# Visual Studio Version 17
VisualStudioVersion = 17.2.32630.192
MinimumVisualStudioVersion = 10.0.40219.1
Project("{FAE04EC0-301F-11D3-BF4B-00C04F79EFBC}") = "Gobchat", "src\Gobchat.App\Gobchat.csproj", "{493EAF4F-553F-43E1-8D5A-F19EC7B032EB}"
EndProject
Project("{FAE04EC0-301F-11D3-BF4B-00C04F79EFBC}") = "Gobchat.Memory", "src\Gobchat.Memory\Gobchat.Memory.csproj", "{040DDDAE-B434-4223-BC0D-284EDCFF2AF5}"
EndProject
Project("{2150E333-8FDC-42A3-9474-1A3956D46DE8}") = "Solution Items", "Solution Items", "{CEB50431-8B3D-4DB7-93FC-20D0F2B8749C}"
	ProjectSection(SolutionItems) = preProject
		Directory.Build.props = Directory.Build.props
	EndProjectSection
EndProject
Project("{FAE04EC0-301F-11D3-BF4B-00C04F79EFBC}") = "Gobchat.UI", "src\Gobchat.WebRenderer\Gobchat.UI.csproj", "{9B4F225D-B0A3-400E-92E0-6F4CD53AC8B5}"
EndProject
Project("{FAE04EC0-301F-11D3-BF4B-00C04F79EFBC}") = "Gobchat.LogConverter", "src\Gobchat.LogConverter\Gobchat.LogConverter.csproj", "{ACEEC40B-0784-46C9-9C0C-59E87435AF3A}"
EndProject
Project("{2150E333-8FDC-42A3-9474-1A3956D46DE8}") = "tests", "tests", "{0AB3BF05-4346-4AA6-1389-037BE0695223}"
EndProject
Project("{FAE04EC0-301F-11D3-BF4B-00C04F79EFBC}") = "Gobchat.App.Tests", "tests\Gobchat.App.Tests\Gobchat.App.Tests.csproj", "{AC123313-CC2E-48DD-8A1C-8182774B76CB}"
EndProject
Project("{FAE04EC0-301F-11D3-BF4B-00C04F79EFBC}") = "Gobchat.Memory.Tests", "tests\Gobchat.Memory.Tests\Gobchat.Memory.Tests.csproj", "{5BFC23EA-BF1D-47E3-B184-C0D232DF1B38}"
EndProject
Global
	GlobalSection(SolutionConfigurationPlatforms) = preSolution
		Debug|Any CPU = Debug|Any CPU
		Debug|x64 = Debug|x64
		Debug|x86 = Debug|x86
		Release|Any CPU = Release|Any CPU
		Release|x64 = Release|x64
		Release|x86 = Release|x86
	EndGlobalSection
	GlobalSection(ProjectConfigurationPlatforms) = postSolution
		{493EAF4F-553F-43E1-8D5A-F19EC7B032EB}.Debug|Any CPU.ActiveCfg = Debug|Any CPU
		{493EAF4F-553F-43E1-8D5A-F19EC7B032EB}.Debug|Any CPU.Build.0 = Debug|Any CPU
		{493EAF4F-553F-43E1-8D5A-F19EC7B032EB}.Debug|x64.ActiveCfg = Debug|Any CPU
		{493EAF4F-553F-43E1-8D5A-F19EC7B032EB}.Debug|x64.Build.0 = Debug|Any CPU
		{493EAF4F-553F-43E1-8D5A-F19EC7B032EB}.Debug|x86.ActiveCfg = Debug|Any CPU
		{493EAF4F-553F-43E1-8D5A-F19EC7B032EB}.Debug|x86.Build.0 = Debug|Any CPU
		{493EAF4F-553F-43E1-8D5A-F19EC7B032EB}.Release|Any CPU.ActiveCfg = Release|Any CPU
		{493EAF4F-553F-43E1-8D5A-F19EC7B032EB}.Release|Any CPU.Build.0 = Release|Any CPU
		{493EAF4F-553F-43E1-8D5A-F19EC7B032EB}.Release|x64.ActiveCfg = Release|Any CPU
		{493EAF4F-553F-43E1-8D5A-F19EC7B032EB}.Release|x64.Build.0 = Release|Any CPU
		{493EAF4F-553F-43E1-8D5A-F19EC7B032EB}.Release|x86.ActiveCfg = Release|Any CPU
		{493EAF4F-553F-43E1-8D5A-F19EC7B032EB}.Release|x86.Build.0 = Release|Any CPU
		{040DDDAE-B434-4223-BC0D-284EDCFF2AF5}.Debug|Any CPU.ActiveCfg = Debug|Any CPU
		{040DDDAE-B434-4223-BC0D-284EDCFF2AF5}.Debug|Any CPU.Build.0 = Debug|Any CPU
		{040DDDAE-B434-4223-BC0D-284EDCFF2AF5}.Debug|x64.ActiveCfg = Debug|Any CPU
		{040DDDAE-B434-4223-BC0D-284EDCFF2AF5}.Debug|x64.Build.0 = Debug|Any CPU
		{040DDDAE-B434-4223-BC0D-284EDCFF2AF5}.Debug|x86.ActiveCfg = Debug|Any CPU
		{040DDDAE-B434-4223-BC0D-284EDCFF2AF5}.Debug|x86.Build.0 = Debug|Any CPU
		{040DDDAE-B434-4223-BC0D-284EDCFF2AF5}.Release|Any CPU.ActiveCfg = Release|Any CPU
		{040DDDAE-B434-4223-BC0D-284EDCFF2AF5}.Release|Any CPU.Build.0 = Release|Any CPU
		{040DDDAE-B434-4223-BC0D-284EDCFF2AF5}.Release|x64.ActiveCfg = Release|Any CPU
		{040DDDAE-B434-4223-BC0D-284EDCFF2AF5}.Release|x64.Build.0 = Release|Any CPU
		{040DDDAE-B434-4223-BC0D-284EDCFF2AF5}.Release|x86.ActiveCfg = Release|Any CPU
		{040DDDAE-B434-4223-BC0D-284EDCFF2AF5}.Release|x86.Build.0 = Release|Any CPU
		{9B4F225D-B0A3-400E-92E0-6F4CD53AC8B5}.Debug|Any CPU.ActiveCfg = Debug|Any CPU
		{9B4F225D-B0A3-400E-92E0-6F4CD53AC8B5}.Debug|Any CPU.Build.0 = Debug|Any CPU
		{9B4F225D-B0A3-400E-92E0-6F4CD53AC8B5}.Debug|x64.ActiveCfg = Debug|Any CPU
		{9B4F225D-B0A3-400E-92E0-6F4CD53AC8B5}.Debug|x64.Build.0 = Debug|Any CPU
		{9B4F225D-B0A3-400E-92E0-6F4CD53AC8B5}.Debug|x86.ActiveCfg = Debug|Any CPU
		{9B4F225D-B0A3-400E-92E0-6F4CD53AC8B5}.Debug|x86.Build.0 = Debug|Any CPU
		{9B4F225D-B0A3-400E-92E0-6F4CD53AC8B5}.Release|Any CPU.ActiveCfg = Release|Any CPU
		{9B4F225D-B0A3-400E-92E0-6F4CD53AC8B5}.Release|Any CPU.Build.0 = Release|Any CPU
		{9B4F225D-B0A3-400E-92E0-6F4CD53AC8B5}.Release|x64.ActiveCfg = Release|Any CPU
		{9B4F225D-B0A3-400E-92E0-6F4CD53AC8B5}.Release|x64.Build.0 = Release|Any CPU
		{9B4F225D-B0A3-400E-92E0-6F4CD53AC8B5}.Release|x86.ActiveCfg = Release|Any CPU
		{9B4F225D-B0A3-400E-92E0-6F4CD53AC8B5}.Release|x86.Build.0 = Release|Any CPU
		{ACEEC40B-0784-46C9-9C0C-59E87435AF3A}.Debug|Any CPU.ActiveCfg = Debug|Any CPU
		{ACEEC40B-0784-46C9-9C0C-59E87435AF3A}.Debug|Any CPU.Build.0 = Debug|Any CPU
		{ACEEC40B-0784-46C9-9C0C-59E87435AF3A}.Debug|x64.ActiveCfg = Debug|Any CPU
		{ACEEC40B-0784-46C9-9C0C-59E87435AF3A}.Debug|x64.Build.0 = Debug|Any CPU
		{ACEEC40B-0784-46C9-9C0C-59E87435AF3A}.Debug|x86.ActiveCfg = Debug|Any CPU
		{ACEEC40B-0784-46C9-9C0C-59E87435AF3A}.Debug|x86.Build.0 = Debug|Any CPU
		{ACEEC40B-0784-46C9-9C0C-59E87435AF3A}.Release|Any CPU.ActiveCfg = Release|Any CPU
		{ACEEC40B-0784-46C9-9C0C-59E87435AF3A}.Release|Any CPU.Build.0 = Release|Any CPU
		{ACEEC40B-0784-46C9-9C0C-59E87435AF3A}.Release|x64.ActiveCfg = Release|Any CPU
		{ACEEC40B-0784-46C9-9C0C-59E87435AF3A}.Release|x64.Build.0 = Release|Any CPU
		{ACEEC40B-0784-46C9-9C0C-59E87435AF3A}.Release|x86.ActiveCfg = Release|Any CPU
		{ACEEC40B-0784-46C9-9C0C-59E87435AF3A}.Release|x86.Build.0 = Release|Any CPU
		{AC123313-CC2E-48DD-8A1C-8182774B76CB}.Debug|Any CPU.ActiveCfg = Debug|Any CPU
		{AC123313-CC2E-48DD-8A1C-8182774B76CB}.Debug|Any CPU.Build.0 = Debug|Any CPU
		{AC123313-CC2E-48DD-8A1C-8182774B76CB}.Debug|x64.ActiveCfg = Debug|Any CPU
		{AC123313-CC2E-48DD-8A1C-8182774B76CB}.Debug|x64.Build.0 = Debug|Any CPU
		{AC123313-CC2E-48DD-8A1C-8182774B76CB}.Debug|x86.ActiveCfg = Debug|Any CPU
		{AC123313-CC2E-48DD-8A1C-8182774B76CB}.Debug|x86.Build.0 = Debug|Any CPU
		{AC123313-CC2E-48DD-8A1C-8182774B76CB}.Release|Any CPU.ActiveCfg = Release|Any CPU
		{AC123313-CC2E-48DD-8A1C-8182774B76CB}.Release|Any CPU.Build.0 = Release|Any CPU
		{AC123313-CC2E-48DD-8A1C-8182774B76CB}.Release|x64.ActiveCfg = Release|Any CPU
		{AC123313-CC2E-48DD-8A1C-8182774B76CB}.Release|x64.Build.0 = Release|Any CPU
		{AC123313-CC2E-48DD-8A1C-8182774B76CB}.Release|x86.ActiveCfg = Release|Any CPU
		{AC123313-CC2E-48DD-8A1C-8182774B76CB}.Release|x86.Build.0 = Release|Any CPU
		{5BFC23EA-BF1D-47E3-B184-C0D232DF1B38}.Debug|Any CPU.ActiveCfg = Debug|Any CPU
		{5BFC23EA-BF1D-47E3-B184-C0D232DF1B38}.Debug|Any CPU.Build.0 = Debug|Any CPU
		{5BFC23EA-BF1D-47E3-B184-C0D232DF1B38}.Debug|x64.ActiveCfg = Debug|Any CPU
		{5BFC23EA-BF1D-47E3-B184-C0D232DF1B38}.Debug|x64.Build.0 = Debug|Any CPU
		{5BFC23EA-BF1D-47E3-B184-C0D232DF1B38}.Debug|x86.ActiveCfg = Debug|Any CPU
		{5BFC23EA-BF1D-47E3-B184-C0D232DF1B38}.Debug|x86.Build.0 = Debug|Any CPU
		{5BFC23EA-BF1D-47E3-B184-C0D232DF1B38}.Release|Any CPU.ActiveCfg = Release|Any CPU
		{5BFC23EA-BF1D-47E3-B184-C0D232DF1B38}.Release|Any CPU.Build.0 = Release|Any CPU
		{5BFC23EA-BF1D-47E3-B184-C0D232DF1B38}.Release|x64.ActiveCfg = Release|Any CPU
		{5BFC23EA-BF1D-47E3-B184-C0D232DF1B38}.Release|x64.Build.0 = Release|Any CPU
		{5BFC23EA-BF1D-47E3-B184-C0D232DF1B38}.Release|x86.ActiveCfg = Release|Any CPU
		{5BFC23EA-BF1D-47E3-B184-C0D232DF1B38}.Release|x86.Build.0 = Release|Any CPU
	EndGlobalSection
	GlobalSection(SolutionProperties) = preSolution
		HideSolutionNode = FALSE
	EndGlobalSection
	GlobalSection(NestedProjects) = preSolution
		{AC123313-CC2E-48DD-8A1C-8182774B76CB} = {0AB3BF05-4346-4AA6-1389-037BE0695223}
		{5BFC23EA-BF1D-47E3-B184-C0D232DF1B38} = {0AB3BF05-4346-4AA6-1389-037BE0695223}
	EndGlobalSection
	GlobalSection(ExtensibilityGlobals) = postSolution
		SolutionGuid = {229B367C-78AE-4B5F-A60B-6799A6225B4B}
	EndGlobalSection
EndGlobal
